
Microsoft Visual Studio Solution File, Format Version 12.00
# Visual Studio 2013
VisualStudioVersion = 12.0.0.0
MinimumVisualStudioVersion = 10.0.0.1
Project("{F2A71F9B-5D33-465A-A702-920D77279786}") = "FsNetMQ", "FsNetMQ/FsNetMQ.fsproj", "{36267848-3DA4-44CC-BAA9-94FD73E01685}"
EndProject
Project("{F2A71F9B-5D33-465A-A702-920D77279786}") = "FsNetMQ.Test", "FsNetMQ.Test\FsNetMQ.Test.fsproj", "{8B0A94D8-4435-4FF5-8E6D-526413807F6E}"
EndProject
Global
	GlobalSection(SolutionConfigurationPlatforms) = preSolution
		Debug|Any CPU = Debug|Any CPU
		Release|Any CPU = Release|Any CPU
	EndGlobalSection
	GlobalSection(ProjectConfigurationPlatforms) = postSolution
		{36267848-3DA4-44CC-BAA9-94FD73E01685}.Debug|Any CPU.ActiveCfg = Debug|Any CPU
		{36267848-3DA4-44CC-BAA9-94FD73E01685}.Debug|Any CPU.Build.0 = Debug|Any CPU
		{36267848-3DA4-44CC-BAA9-94FD73E01685}.Release|Any CPU.ActiveCfg = Release|Any CPU
		{36267848-3DA4-44CC-BAA9-94FD73E01685}.Release|Any CPU.Build.0 = Release|Any CPU
		{8B0A94D8-4435-4FF5-8E6D-526413807F6E}.Debug|Any CPU.ActiveCfg = Debug|Any CPU
		{8B0A94D8-4435-4FF5-8E6D-526413807F6E}.Debug|Any CPU.Build.0 = Debug|Any CPU
		{8B0A94D8-4435-4FF5-8E6D-526413807F6E}.Release|Any CPU.ActiveCfg = Release|Any CPU
		{8B0A94D8-4435-4FF5-8E6D-526413807F6E}.Release|Any CPU.Build.0 = Release|Any CPU
	EndGlobalSection
	GlobalSection(SolutionProperties) = preSolution
		HideSolutionNode = FALSE
	EndGlobalSection
EndGlobal
